// !$*UTF8*$!
{
	archiveVersion = 1;
	classes = {
	};
	objectVersion = 56;
	objects = {

/* Begin PBXBuildFile section */
		5328CF262B5EDC0F00F7BAB8 /* LoadingView.swift in Sources */ = {isa = PBXBuildFile; fileRef = 5328CF252B5EDC0F00F7BAB8 /* LoadingView.swift */; };
		5328CF292B5EFBEB00F7BAB8 /* Auth.swift in Sources */ = {isa = PBXBuildFile; fileRef = 5328CF282B5EFBEB00F7BAB8 /* Auth.swift */; };
		5328CF2C2B5EFF0A00F7BAB8 /* SwiftKeychainWrapper in Frameworks */ = {isa = PBXBuildFile; productRef = 5328CF2B2B5EFF0A00F7BAB8 /* SwiftKeychainWrapper */; };
		5328CF312B61C9C500F7BAB8 /* Credentials.swift in Sources */ = {isa = PBXBuildFile; fileRef = 5328CF302B61C9C400F7BAB8 /* Credentials.swift */; };
		5328CF332B61C9E800F7BAB8 /* KeychainKey.swift in Sources */ = {isa = PBXBuildFile; fileRef = 5328CF322B61C9E800F7BAB8 /* KeychainKey.swift */; };
		5328CF362B61CD5B00F7BAB8 /* .swiftlint.yml in Resources */ = {isa = PBXBuildFile; fileRef = 5328CF352B61CD5B00F7BAB8 /* .swiftlint.yml */; };
		532D35492B4F448500C6A9BF /* RegisterViewModel.swift in Sources */ = {isa = PBXBuildFile; fileRef = 532D35482B4F448500C6A9BF /* RegisterViewModel.swift */; };
		532D354C2B4F513E00C6A9BF /* SwiftyJSON in Frameworks */ = {isa = PBXBuildFile; productRef = 532D354B2B4F513E00C6A9BF /* SwiftyJSON */; };
		534702D12B4066C1001E0F50 /* eGymApp.swift in Sources */ = {isa = PBXBuildFile; fileRef = 534702D02B4066C1001E0F50 /* eGymApp.swift */; };
		534702D32B4066C1001E0F50 /* MainView.swift in Sources */ = {isa = PBXBuildFile; fileRef = 534702D22B4066C1001E0F50 /* MainView.swift */; };
		534702D52B4066C3001E0F50 /* Assets.xcassets in Resources */ = {isa = PBXBuildFile; fileRef = 534702D42B4066C3001E0F50 /* Assets.xcassets */; };
		534702D82B4066C3001E0F50 /* Preview Assets.xcassets in Resources */ = {isa = PBXBuildFile; fileRef = 534702D72B4066C3001E0F50 /* Preview Assets.xcassets */; };
		534702E22B4066C3001E0F50 /* eGym_appTests.swift in Sources */ = {isa = PBXBuildFile; fileRef = 534702E12B4066C3001E0F50 /* eGym_appTests.swift */; };
		534702EC2B4066C3001E0F50 /* eGym_appUITests.swift in Sources */ = {isa = PBXBuildFile; fileRef = 534702EB2B4066C3001E0F50 /* eGym_appUITests.swift */; };
		534702EE2B4066C3001E0F50 /* eGym_appUITestsLaunchTests.swift in Sources */ = {isa = PBXBuildFile; fileRef = 534702ED2B4066C3001E0F50 /* eGym_appUITestsLaunchTests.swift */; };
		534702FB2B4067AA001E0F50 /* .gitignore in Resources */ = {isa = PBXBuildFile; fileRef = 534702FA2B4067AA001E0F50 /* .gitignore */; };
		534703012B406E51001E0F50 /* ProfileView.swift in Sources */ = {isa = PBXBuildFile; fileRef = 534703002B406E51001E0F50 /* ProfileView.swift */; };
		534703032B406E80001E0F50 /* LoginView.swift in Sources */ = {isa = PBXBuildFile; fileRef = 534703022B406E80001E0F50 /* LoginView.swift */; };
		534703052B406EDB001E0F50 /* UserModel.swift in Sources */ = {isa = PBXBuildFile; fileRef = 534703042B406EDB001E0F50 /* UserModel.swift */; };
		534703072B406F0B001E0F50 /* MainViewModel.swift in Sources */ = {isa = PBXBuildFile; fileRef = 534703062B406F0B001E0F50 /* MainViewModel.swift */; };
		534703092B406F15001E0F50 /* ProfileViewModel.swift in Sources */ = {isa = PBXBuildFile; fileRef = 534703082B406F15001E0F50 /* ProfileViewModel.swift */; };
		5347030B2B406F1D001E0F50 /* LoginViewModel.swift in Sources */ = {isa = PBXBuildFile; fileRef = 5347030A2B406F1D001E0F50 /* LoginViewModel.swift */; };
		535937D62B4DD26600EFA144 /* RegisterView.swift in Sources */ = {isa = PBXBuildFile; fileRef = 535937D52B4DD26600EFA144 /* RegisterView.swift */; };
		53C599072B599BB600C9CA3D /* Constants.swift in Sources */ = {isa = PBXBuildFile; fileRef = 53C599062B599BB600C9CA3D /* Constants.swift */; };
		53C599092B599C1B00C9CA3D /* Extensions.swift in Sources */ = {isa = PBXBuildFile; fileRef = 53C599082B599C1B00C9CA3D /* Extensions.swift */; };
		53C5990D2B599C5A00C9CA3D /* APIManager.swift in Sources */ = {isa = PBXBuildFile; fileRef = 53C5990C2B599C5A00C9CA3D /* APIManager.swift */; };
		53C599102B59A09F00C9CA3D /* Alamofire in Frameworks */ = {isa = PBXBuildFile; productRef = 53C5990F2B59A09F00C9CA3D /* Alamofire */; };
		53C599122B59E73200C9CA3D /* UserTOServices.swift in Sources */ = {isa = PBXBuildFile; fileRef = 53C599112B59E73200C9CA3D /* UserTOServices.swift */; };
		53C599142B59E77C00C9CA3D /* TransactionServices.swift in Sources */ = {isa = PBXBuildFile; fileRef = 53C599132B59E77C00C9CA3D /* TransactionServices.swift */; };
		53C599182B59EA6F00C9CA3D /* CreateLoginRequest.swift in Sources */ = {isa = PBXBuildFile; fileRef = 53C599172B59EA6F00C9CA3D /* CreateLoginRequest.swift */; };
		53C5991A2B59EA7E00C9CA3D /* CreateLoginResponse.swift in Sources */ = {isa = PBXBuildFile; fileRef = 53C599192B59EA7E00C9CA3D /* CreateLoginResponse.swift */; };
		53E0D8D72B61D4A200A63179 /* RootView.swift in Sources */ = {isa = PBXBuildFile; fileRef = 53E0D8D62B61D4A200A63179 /* RootView.swift */; };
		53E0D8D92B61E65F00A63179 /* CreateRegisterResponse.swift in Sources */ = {isa = PBXBuildFile; fileRef = 53E0D8D82B61E65F00A63179 /* CreateRegisterResponse.swift */; };
		53E0D8DB2B61E75B00A63179 /* CreateRegisterRequest.swift in Sources */ = {isa = PBXBuildFile; fileRef = 53E0D8DA2B61E75B00A63179 /* CreateRegisterRequest.swift */; };
/* End PBXBuildFile section */

/* Begin PBXContainerItemProxy section */
		534702DE2B4066C3001E0F50 /* PBXContainerItemProxy */ = {
			isa = PBXContainerItemProxy;
			containerPortal = 534702C52B4066C0001E0F50 /* Project object */;
			proxyType = 1;
			remoteGlobalIDString = 534702CC2B4066C1001E0F50;
			remoteInfo = "eGym-app";
		};
		534702E82B4066C3001E0F50 /* PBXContainerItemProxy */ = {
			isa = PBXContainerItemProxy;
			containerPortal = 534702C52B4066C0001E0F50 /* Project object */;
			proxyType = 1;
			remoteGlobalIDString = 534702CC2B4066C1001E0F50;
			remoteInfo = "eGym-app";
		};
/* End PBXContainerItemProxy section */

/* Begin PBXFileReference section */
		5316C1E52B5A0ACB001D7019 /* Info.plist */ = {isa = PBXFileReference; lastKnownFileType = text.plist.xml; path = Info.plist; sourceTree = "<group>"; };
		5328CF252B5EDC0F00F7BAB8 /* LoadingView.swift */ = {isa = PBXFileReference; lastKnownFileType = sourcecode.swift; path = LoadingView.swift; sourceTree = "<group>"; };
		5328CF282B5EFBEB00F7BAB8 /* Auth.swift */ = {isa = PBXFileReference; lastKnownFileType = sourcecode.swift; path = Auth.swift; sourceTree = "<group>"; };
		5328CF302B61C9C400F7BAB8 /* Credentials.swift */ = {isa = PBXFileReference; lastKnownFileType = sourcecode.swift; path = Credentials.swift; sourceTree = "<group>"; };
		5328CF322B61C9E800F7BAB8 /* KeychainKey.swift */ = {isa = PBXFileReference; lastKnownFileType = sourcecode.swift; path = KeychainKey.swift; sourceTree = "<group>"; };
		5328CF352B61CD5B00F7BAB8 /* .swiftlint.yml */ = {isa = PBXFileReference; lastKnownFileType = text.yaml; path = .swiftlint.yml; sourceTree = "<group>"; };
		532D35482B4F448500C6A9BF /* RegisterViewModel.swift */ = {isa = PBXFileReference; lastKnownFileType = sourcecode.swift; path = RegisterViewModel.swift; sourceTree = "<group>"; };
		534702CD2B4066C1001E0F50 /* eGym-app.app */ = {isa = PBXFileReference; explicitFileType = wrapper.application; includeInIndex = 0; path = "eGym-app.app"; sourceTree = BUILT_PRODUCTS_DIR; };
		534702D02B4066C1001E0F50 /* eGymApp.swift */ = {isa = PBXFileReference; lastKnownFileType = sourcecode.swift; path = eGymApp.swift; sourceTree = "<group>"; };
		534702D22B4066C1001E0F50 /* MainView.swift */ = {isa = PBXFileReference; lastKnownFileType = sourcecode.swift; path = MainView.swift; sourceTree = "<group>"; };
		534702D42B4066C3001E0F50 /* Assets.xcassets */ = {isa = PBXFileReference; lastKnownFileType = folder.assetcatalog; path = Assets.xcassets; sourceTree = "<group>"; };
		534702D72B4066C3001E0F50 /* Preview Assets.xcassets */ = {isa = PBXFileReference; lastKnownFileType = folder.assetcatalog; path = "Preview Assets.xcassets"; sourceTree = "<group>"; };
		534702DD2B4066C3001E0F50 /* eGym-appTests.xctest */ = {isa = PBXFileReference; explicitFileType = wrapper.cfbundle; includeInIndex = 0; path = "eGym-appTests.xctest"; sourceTree = BUILT_PRODUCTS_DIR; };
		534702E12B4066C3001E0F50 /* eGym_appTests.swift */ = {isa = PBXFileReference; lastKnownFileType = sourcecode.swift; path = eGym_appTests.swift; sourceTree = "<group>"; };
		534702E72B4066C3001E0F50 /* eGym-appUITests.xctest */ = {isa = PBXFileReference; explicitFileType = wrapper.cfbundle; includeInIndex = 0; path = "eGym-appUITests.xctest"; sourceTree = BUILT_PRODUCTS_DIR; };
		534702EB2B4066C3001E0F50 /* eGym_appUITests.swift */ = {isa = PBXFileReference; lastKnownFileType = sourcecode.swift; path = eGym_appUITests.swift; sourceTree = "<group>"; };
		534702ED2B4066C3001E0F50 /* eGym_appUITestsLaunchTests.swift */ = {isa = PBXFileReference; lastKnownFileType = sourcecode.swift; path = eGym_appUITestsLaunchTests.swift; sourceTree = "<group>"; };
		534702FA2B4067AA001E0F50 /* .gitignore */ = {isa = PBXFileReference; lastKnownFileType = text; path = .gitignore; sourceTree = "<group>"; };
		534703002B406E51001E0F50 /* ProfileView.swift */ = {isa = PBXFileReference; lastKnownFileType = sourcecode.swift; path = ProfileView.swift; sourceTree = "<group>"; };
		534703022B406E80001E0F50 /* LoginView.swift */ = {isa = PBXFileReference; lastKnownFileType = sourcecode.swift; path = LoginView.swift; sourceTree = "<group>"; };
		534703042B406EDB001E0F50 /* UserModel.swift */ = {isa = PBXFileReference; lastKnownFileType = sourcecode.swift; path = UserModel.swift; sourceTree = "<group>"; };
		534703062B406F0B001E0F50 /* MainViewModel.swift */ = {isa = PBXFileReference; lastKnownFileType = sourcecode.swift; path = MainViewModel.swift; sourceTree = "<group>"; };
		534703082B406F15001E0F50 /* ProfileViewModel.swift */ = {isa = PBXFileReference; lastKnownFileType = sourcecode.swift; path = ProfileViewModel.swift; sourceTree = "<group>"; };
		5347030A2B406F1D001E0F50 /* LoginViewModel.swift */ = {isa = PBXFileReference; lastKnownFileType = sourcecode.swift; path = LoginViewModel.swift; sourceTree = "<group>"; };
		535937D52B4DD26600EFA144 /* RegisterView.swift */ = {isa = PBXFileReference; lastKnownFileType = sourcecode.swift; path = RegisterView.swift; sourceTree = "<group>"; };
		53C599062B599BB600C9CA3D /* Constants.swift */ = {isa = PBXFileReference; lastKnownFileType = sourcecode.swift; path = Constants.swift; sourceTree = "<group>"; };
		53C599082B599C1B00C9CA3D /* Extensions.swift */ = {isa = PBXFileReference; lastKnownFileType = sourcecode.swift; path = Extensions.swift; sourceTree = "<group>"; };
		53C5990C2B599C5A00C9CA3D /* APIManager.swift */ = {isa = PBXFileReference; lastKnownFileType = sourcecode.swift; path = APIManager.swift; sourceTree = "<group>"; };
		53C599112B59E73200C9CA3D /* UserTOServices.swift */ = {isa = PBXFileReference; lastKnownFileType = sourcecode.swift; path = UserTOServices.swift; sourceTree = "<group>"; };
		53C599132B59E77C00C9CA3D /* TransactionServices.swift */ = {isa = PBXFileReference; lastKnownFileType = sourcecode.swift; path = TransactionServices.swift; sourceTree = "<group>"; };
		53C599172B59EA6F00C9CA3D /* CreateLoginRequest.swift */ = {isa = PBXFileReference; lastKnownFileType = sourcecode.swift; path = CreateLoginRequest.swift; sourceTree = "<group>"; };
		53C599192B59EA7E00C9CA3D /* CreateLoginResponse.swift */ = {isa = PBXFileReference; lastKnownFileType = sourcecode.swift; path = CreateLoginResponse.swift; sourceTree = "<group>"; };
		53E0D8D62B61D4A200A63179 /* RootView.swift */ = {isa = PBXFileReference; lastKnownFileType = sourcecode.swift; path = RootView.swift; sourceTree = "<group>"; };
		53E0D8D82B61E65F00A63179 /* CreateRegisterResponse.swift */ = {isa = PBXFileReference; lastKnownFileType = sourcecode.swift; path = CreateRegisterResponse.swift; sourceTree = "<group>"; };
		53E0D8DA2B61E75B00A63179 /* CreateRegisterRequest.swift */ = {isa = PBXFileReference; lastKnownFileType = sourcecode.swift; path = CreateRegisterRequest.swift; sourceTree = "<group>"; };
/* End PBXFileReference section */

/* Begin PBXFrameworksBuildPhase section */
		534702CA2B4066C1001E0F50 /* Frameworks */ = {
			isa = PBXFrameworksBuildPhase;
			buildActionMask = 2147483647;
			files = (
				532D354C2B4F513E00C6A9BF /* SwiftyJSON in Frameworks */,
				53C599102B59A09F00C9CA3D /* Alamofire in Frameworks */,
				5328CF2C2B5EFF0A00F7BAB8 /* SwiftKeychainWrapper in Frameworks */,
			);
			runOnlyForDeploymentPostprocessing = 0;
		};
		534702DA2B4066C3001E0F50 /* Frameworks */ = {
			isa = PBXFrameworksBuildPhase;
			buildActionMask = 2147483647;
			files = (
			);
			runOnlyForDeploymentPostprocessing = 0;
		};
		534702E42B4066C3001E0F50 /* Frameworks */ = {
			isa = PBXFrameworksBuildPhase;
			buildActionMask = 2147483647;
			files = (
			);
			runOnlyForDeploymentPostprocessing = 0;
		};
/* End PBXFrameworksBuildPhase section */

/* Begin PBXGroup section */
		5328CF272B5EFBDE00F7BAB8 /* Utilities */ = {
			isa = PBXGroup;
			children = (
				5328CF282B5EFBEB00F7BAB8 /* Auth.swift */,
			);
			path = Utilities;
			sourceTree = "<group>";
		};
		5328CF2F2B61C9B600F7BAB8 /* AuthModels */ = {
			isa = PBXGroup;
			children = (
				5328CF302B61C9C400F7BAB8 /* Credentials.swift */,
				5328CF322B61C9E800F7BAB8 /* KeychainKey.swift */,
			);
			path = AuthModels;
			sourceTree = "<group>";
		};
		534702C42B4066C0001E0F50 = {
			isa = PBXGroup;
			children = (
				5328CF352B61CD5B00F7BAB8 /* .swiftlint.yml */,
				534702FA2B4067AA001E0F50 /* .gitignore */,
				534702CF2B4066C1001E0F50 /* eGym-app */,
				534702E02B4066C3001E0F50 /* eGym-appTests */,
				534702EA2B4066C3001E0F50 /* eGym-appUITests */,
				534702CE2B4066C1001E0F50 /* Products */,
			);
			sourceTree = "<group>";
		};
		534702CE2B4066C1001E0F50 /* Products */ = {
			isa = PBXGroup;
			children = (
				534702CD2B4066C1001E0F50 /* eGym-app.app */,
				534702DD2B4066C3001E0F50 /* eGym-appTests.xctest */,
				534702E72B4066C3001E0F50 /* eGym-appUITests.xctest */,
			);
			name = Products;
			sourceTree = "<group>";
		};
		534702CF2B4066C1001E0F50 /* eGym-app */ = {
			isa = PBXGroup;
			children = (
				5328CF272B5EFBDE00F7BAB8 /* Utilities */,
				5316C1E52B5A0ACB001D7019 /* Info.plist */,
				53C5990B2B599C4A00C9CA3D /* Services */,
				53C5990A2B599C2000C9CA3D /* Extensions */,
				53C599052B599B9B00C9CA3D /* Constants */,
				53C599042B599B7300C9CA3D /* Application */,
				534702FF2B406BC5001E0F50 /* Others */,
				534702FE2B406BBF001E0F50 /* Models */,
				534702FD2B406BAE001E0F50 /* ViewsModels */,
				534702FC2B406BA4001E0F50 /* Views */,
				534702D62B4066C3001E0F50 /* Preview Content */,
			);
			path = "eGym-app";
			sourceTree = "<group>";
		};
		534702D62B4066C3001E0F50 /* Preview Content */ = {
			isa = PBXGroup;
			children = (
				534702D72B4066C3001E0F50 /* Preview Assets.xcassets */,
			);
			path = "Preview Content";
			sourceTree = "<group>";
		};
		534702E02B4066C3001E0F50 /* eGym-appTests */ = {
			isa = PBXGroup;
			children = (
				534702E12B4066C3001E0F50 /* eGym_appTests.swift */,
			);
			path = "eGym-appTests";
			sourceTree = "<group>";
		};
		534702EA2B4066C3001E0F50 /* eGym-appUITests */ = {
			isa = PBXGroup;
			children = (
				534702EB2B4066C3001E0F50 /* eGym_appUITests.swift */,
				534702ED2B4066C3001E0F50 /* eGym_appUITestsLaunchTests.swift */,
			);
			path = "eGym-appUITests";
			sourceTree = "<group>";
		};
		534702FC2B406BA4001E0F50 /* Views */ = {
			isa = PBXGroup;
			children = (
				534702D22B4066C1001E0F50 /* MainView.swift */,
				534703002B406E51001E0F50 /* ProfileView.swift */,
				534703022B406E80001E0F50 /* LoginView.swift */,
				535937D52B4DD26600EFA144 /* RegisterView.swift */,
				5328CF252B5EDC0F00F7BAB8 /* LoadingView.swift */,
			);
			path = Views;
			sourceTree = "<group>";
		};
		534702FD2B406BAE001E0F50 /* ViewsModels */ = {
			isa = PBXGroup;
			children = (
				534703062B406F0B001E0F50 /* MainViewModel.swift */,
				534703082B406F15001E0F50 /* ProfileViewModel.swift */,
				5347030A2B406F1D001E0F50 /* LoginViewModel.swift */,
				532D35482B4F448500C6A9BF /* RegisterViewModel.swift */,
			);
			path = ViewsModels;
			sourceTree = "<group>";
		};
		534702FE2B406BBF001E0F50 /* Models */ = {
			isa = PBXGroup;
			children = (
				5328CF2F2B61C9B600F7BAB8 /* AuthModels */,
				53C599162B59EA5800C9CA3D /* RequestModels */,
				53C599152B59EA3B00C9CA3D /* ResponseModels */,
				534703042B406EDB001E0F50 /* UserModel.swift */,
			);
			path = Models;
			sourceTree = "<group>";
		};
		534702FF2B406BC5001E0F50 /* Others */ = {
			isa = PBXGroup;
			children = (
				534702D42B4066C3001E0F50 /* Assets.xcassets */,
			);
			path = Others;
			sourceTree = "<group>";
		};
		53C599042B599B7300C9CA3D /* Application */ = {
			isa = PBXGroup;
			children = (
				534702D02B4066C1001E0F50 /* eGymApp.swift */,
				53E0D8D62B61D4A200A63179 /* RootView.swift */,
			);
			path = Application;
			sourceTree = "<group>";
		};
		53C599052B599B9B00C9CA3D /* Constants */ = {
			isa = PBXGroup;
			children = (
				53C599062B599BB600C9CA3D /* Constants.swift */,
			);
			path = Constants;
			sourceTree = "<group>";
		};
		53C5990A2B599C2000C9CA3D /* Extensions */ = {
			isa = PBXGroup;
			children = (
				53C599082B599C1B00C9CA3D /* Extensions.swift */,
			);
			path = Extensions;
			sourceTree = "<group>";
		};
		53C5990B2B599C4A00C9CA3D /* Services */ = {
			isa = PBXGroup;
			children = (
				53C5990C2B599C5A00C9CA3D /* APIManager.swift */,
				53C599112B59E73200C9CA3D /* UserTOServices.swift */,
				53C599132B59E77C00C9CA3D /* TransactionServices.swift */,
			);
			path = Services;
			sourceTree = "<group>";
		};
		53C599152B59EA3B00C9CA3D /* ResponseModels */ = {
			isa = PBXGroup;
			children = (
				53C599192B59EA7E00C9CA3D /* CreateLoginResponse.swift */,
				53E0D8D82B61E65F00A63179 /* CreateRegisterResponse.swift */,
			);
			path = ResponseModels;
			sourceTree = "<group>";
		};
		53C599162B59EA5800C9CA3D /* RequestModels */ = {
			isa = PBXGroup;
			children = (
				53C599172B59EA6F00C9CA3D /* CreateLoginRequest.swift */,
				53E0D8DA2B61E75B00A63179 /* CreateRegisterRequest.swift */,
			);
			path = RequestModels;
			sourceTree = "<group>";
		};
/* End PBXGroup section */

/* Begin PBXNativeTarget section */
		534702CC2B4066C1001E0F50 /* eGym-app */ = {
			isa = PBXNativeTarget;
			buildConfigurationList = 534702F12B4066C3001E0F50 /* Build configuration list for PBXNativeTarget "eGym-app" */;
			buildPhases = (
				534702C92B4066C1001E0F50 /* Sources */,
				534702CA2B4066C1001E0F50 /* Frameworks */,
				534702CB2B4066C1001E0F50 /* Resources */,
			);
			buildRules = (
			);
			dependencies = (
			);
			name = "eGym-app";
			packageProductDependencies = (
				532D354B2B4F513E00C6A9BF /* SwiftyJSON */,
				53C5990F2B59A09F00C9CA3D /* Alamofire */,
				5328CF2B2B5EFF0A00F7BAB8 /* SwiftKeychainWrapper */,
			);
			productName = "eGym-app";
			productReference = 534702CD2B4066C1001E0F50 /* eGym-app.app */;
			productType = "com.apple.product-type.application";
		};
		534702DC2B4066C3001E0F50 /* eGym-appTests */ = {
			isa = PBXNativeTarget;
			buildConfigurationList = 534702F42B4066C3001E0F50 /* Build configuration list for PBXNativeTarget "eGym-appTests" */;
			buildPhases = (
				534702D92B4066C3001E0F50 /* Sources */,
				534702DA2B4066C3001E0F50 /* Frameworks */,
				534702DB2B4066C3001E0F50 /* Resources */,
			);
			buildRules = (
			);
			dependencies = (
				534702DF2B4066C3001E0F50 /* PBXTargetDependency */,
			);
			name = "eGym-appTests";
			productName = "eGym-appTests";
			productReference = 534702DD2B4066C3001E0F50 /* eGym-appTests.xctest */;
			productType = "com.apple.product-type.bundle.unit-test";
		};
		534702E62B4066C3001E0F50 /* eGym-appUITests */ = {
			isa = PBXNativeTarget;
			buildConfigurationList = 534702F72B4066C3001E0F50 /* Build configuration list for PBXNativeTarget "eGym-appUITests" */;
			buildPhases = (
				534702E32B4066C3001E0F50 /* Sources */,
				534702E42B4066C3001E0F50 /* Frameworks */,
				534702E52B4066C3001E0F50 /* Resources */,
			);
			buildRules = (
			);
			dependencies = (
				534702E92B4066C3001E0F50 /* PBXTargetDependency */,
			);
			name = "eGym-appUITests";
			productName = "eGym-appUITests";
			productReference = 534702E72B4066C3001E0F50 /* eGym-appUITests.xctest */;
			productType = "com.apple.product-type.bundle.ui-testing";
		};
/* End PBXNativeTarget section */

/* Begin PBXProject section */
		534702C52B4066C0001E0F50 /* Project object */ = {
			isa = PBXProject;
			attributes = {
				BuildIndependentTargetsInParallel = 1;
				LastSwiftUpdateCheck = 1510;
				LastUpgradeCheck = 1510;
				TargetAttributes = {
					534702CC2B4066C1001E0F50 = {
						CreatedOnToolsVersion = 15.1;
					};
					534702DC2B4066C3001E0F50 = {
						CreatedOnToolsVersion = 15.1;
						TestTargetID = 534702CC2B4066C1001E0F50;
					};
					534702E62B4066C3001E0F50 = {
						CreatedOnToolsVersion = 15.1;
						TestTargetID = 534702CC2B4066C1001E0F50;
					};
				};
			};
			buildConfigurationList = 534702C82B4066C0001E0F50 /* Build configuration list for PBXProject "eGym-app" */;
			compatibilityVersion = "Xcode 14.0";
			developmentRegion = en;
			hasScannedForEncodings = 0;
			knownRegions = (
				en,
				Base,
			);
			mainGroup = 534702C42B4066C0001E0F50;
			packageReferences = (
				532D354A2B4F513E00C6A9BF /* XCRemoteSwiftPackageReference "SwiftyJSON" */,
				53C5990E2B59A09F00C9CA3D /* XCRemoteSwiftPackageReference "Alamofire" */,
				5328CF2A2B5EFF0A00F7BAB8 /* XCRemoteSwiftPackageReference "SwiftKeychainWrapper" */,
				5328CF342B61CCC900F7BAB8 /* XCRemoteSwiftPackageReference "SwiftLint" */,
			);
			productRefGroup = 534702CE2B4066C1001E0F50 /* Products */;
			projectDirPath = "";
			projectRoot = "";
			targets = (
				534702CC2B4066C1001E0F50 /* eGym-app */,
				534702DC2B4066C3001E0F50 /* eGym-appTests */,
				534702E62B4066C3001E0F50 /* eGym-appUITests */,
			);
		};
/* End PBXProject section */

/* Begin PBXResourcesBuildPhase section */
		534702CB2B4066C1001E0F50 /* Resources */ = {
			isa = PBXResourcesBuildPhase;
			buildActionMask = 2147483647;
			files = (
				5328CF362B61CD5B00F7BAB8 /* .swiftlint.yml in Resources */,
				534702D82B4066C3001E0F50 /* Preview Assets.xcassets in Resources */,
				534702FB2B4067AA001E0F50 /* .gitignore in Resources */,
				534702D52B4066C3001E0F50 /* Assets.xcassets in Resources */,
			);
			runOnlyForDeploymentPostprocessing = 0;
		};
		534702DB2B4066C3001E0F50 /* Resources */ = {
			isa = PBXResourcesBuildPhase;
			buildActionMask = 2147483647;
			files = (
			);
			runOnlyForDeploymentPostprocessing = 0;
		};
		534702E52B4066C3001E0F50 /* Resources */ = {
			isa = PBXResourcesBuildPhase;
			buildActionMask = 2147483647;
			files = (
			);
			runOnlyForDeploymentPostprocessing = 0;
		};
/* End PBXResourcesBuildPhase section */

/* Begin PBXSourcesBuildPhase section */
		534702C92B4066C1001E0F50 /* Sources */ = {
			isa = PBXSourcesBuildPhase;
			buildActionMask = 2147483647;
			files = (
				535937D62B4DD26600EFA144 /* RegisterView.swift in Sources */,
				53C599072B599BB600C9CA3D /* Constants.swift in Sources */,
				5328CF332B61C9E800F7BAB8 /* KeychainKey.swift in Sources */,
				5328CF312B61C9C500F7BAB8 /* Credentials.swift in Sources */,
				53C5991A2B59EA7E00C9CA3D /* CreateLoginResponse.swift in Sources */,
				532D35492B4F448500C6A9BF /* RegisterViewModel.swift in Sources */,
				534703072B406F0B001E0F50 /* MainViewModel.swift in Sources */,
				5328CF292B5EFBEB00F7BAB8 /* Auth.swift in Sources */,
				53E0D8DB2B61E75B00A63179 /* CreateRegisterRequest.swift in Sources */,
				534702D32B4066C1001E0F50 /* MainView.swift in Sources */,
				534703012B406E51001E0F50 /* ProfileView.swift in Sources */,
				53E0D8D72B61D4A200A63179 /* RootView.swift in Sources */,
				53E0D8D92B61E65F00A63179 /* CreateRegisterResponse.swift in Sources */,
				534703092B406F15001E0F50 /* ProfileViewModel.swift in Sources */,
				53C599092B599C1B00C9CA3D /* Extensions.swift in Sources */,
				534702D12B4066C1001E0F50 /* eGymApp.swift in Sources */,
				53C599182B59EA6F00C9CA3D /* CreateLoginRequest.swift in Sources */,
				53C599122B59E73200C9CA3D /* UserTOServices.swift in Sources */,
				534703052B406EDB001E0F50 /* UserModel.swift in Sources */,
				53C5990D2B599C5A00C9CA3D /* APIManager.swift in Sources */,
				534703032B406E80001E0F50 /* LoginView.swift in Sources */,
				53C599142B59E77C00C9CA3D /* TransactionServices.swift in Sources */,
				5347030B2B406F1D001E0F50 /* LoginViewModel.swift in Sources */,
				5328CF262B5EDC0F00F7BAB8 /* LoadingView.swift in Sources */,
			);
			runOnlyForDeploymentPostprocessing = 0;
		};
		534702D92B4066C3001E0F50 /* Sources */ = {
			isa = PBXSourcesBuildPhase;
			buildActionMask = 2147483647;
			files = (
				534702E22B4066C3001E0F50 /* eGym_appTests.swift in Sources */,
			);
			runOnlyForDeploymentPostprocessing = 0;
		};
		534702E32B4066C3001E0F50 /* Sources */ = {
			isa = PBXSourcesBuildPhase;
			buildActionMask = 2147483647;
			files = (
				534702EE2B4066C3001E0F50 /* eGym_appUITestsLaunchTests.swift in Sources */,
				534702EC2B4066C3001E0F50 /* eGym_appUITests.swift in Sources */,
			);
			runOnlyForDeploymentPostprocessing = 0;
		};
/* End PBXSourcesBuildPhase section */

/* Begin PBXTargetDependency section */
		534702DF2B4066C3001E0F50 /* PBXTargetDependency */ = {
			isa = PBXTargetDependency;
			target = 534702CC2B4066C1001E0F50 /* eGym-app */;
			targetProxy = 534702DE2B4066C3001E0F50 /* PBXContainerItemProxy */;
		};
		534702E92B4066C3001E0F50 /* PBXTargetDependency */ = {
			isa = PBXTargetDependency;
			target = 534702CC2B4066C1001E0F50 /* eGym-app */;
			targetProxy = 534702E82B4066C3001E0F50 /* PBXContainerItemProxy */;
		};
/* End PBXTargetDependency section */

/* Begin XCBuildConfiguration section */
		534702EF2B4066C3001E0F50 /* Debug */ = {
			isa = XCBuildConfiguration;
			buildSettings = {
				ALWAYS_SEARCH_USER_PATHS = NO;
				ASSETCATALOG_COMPILER_GENERATE_SWIFT_ASSET_SYMBOL_EXTENSIONS = YES;
				CLANG_ANALYZER_NONNULL = YES;
				CLANG_ANALYZER_NUMBER_OBJECT_CONVERSION = YES_AGGRESSIVE;
				CLANG_CXX_LANGUAGE_STANDARD = "gnu++20";
				CLANG_ENABLE_MODULES = YES;
				CLANG_ENABLE_OBJC_ARC = YES;
				CLANG_ENABLE_OBJC_WEAK = YES;
				CLANG_WARN_BLOCK_CAPTURE_AUTORELEASING = YES;
				CLANG_WARN_BOOL_CONVERSION = YES;
				CLANG_WARN_COMMA = YES;
				CLANG_WARN_CONSTANT_CONVERSION = YES;
				CLANG_WARN_DEPRECATED_OBJC_IMPLEMENTATIONS = YES;
				CLANG_WARN_DIRECT_OBJC_ISA_USAGE = YES_ERROR;
				CLANG_WARN_DOCUMENTATION_COMMENTS = YES;
				CLANG_WARN_EMPTY_BODY = YES;
				CLANG_WARN_ENUM_CONVERSION = YES;
				CLANG_WARN_INFINITE_RECURSION = YES;
				CLANG_WARN_INT_CONVERSION = YES;
				CLANG_WARN_NON_LITERAL_NULL_CONVERSION = YES;
				CLANG_WARN_OBJC_IMPLICIT_RETAIN_SELF = YES;
				CLANG_WARN_OBJC_LITERAL_CONVERSION = YES;
				CLANG_WARN_OBJC_ROOT_CLASS = YES_ERROR;
				CLANG_WARN_QUOTED_INCLUDE_IN_FRAMEWORK_HEADER = YES;
				CLANG_WARN_RANGE_LOOP_ANALYSIS = YES;
				CLANG_WARN_STRICT_PROTOTYPES = YES;
				CLANG_WARN_SUSPICIOUS_MOVE = YES;
				CLANG_WARN_UNGUARDED_AVAILABILITY = YES_AGGRESSIVE;
				CLANG_WARN_UNREACHABLE_CODE = YES;
				CLANG_WARN__DUPLICATE_METHOD_MATCH = YES;
				COPY_PHASE_STRIP = NO;
				DEBUG_INFORMATION_FORMAT = dwarf;
				ENABLE_STRICT_OBJC_MSGSEND = YES;
				ENABLE_TESTABILITY = YES;
				ENABLE_USER_SCRIPT_SANDBOXING = YES;
				GCC_C_LANGUAGE_STANDARD = gnu17;
				GCC_DYNAMIC_NO_PIC = NO;
				GCC_NO_COMMON_BLOCKS = YES;
				GCC_OPTIMIZATION_LEVEL = 0;
				GCC_PREPROCESSOR_DEFINITIONS = (
					"DEBUG=1",
					"$(inherited)",
				);
				GCC_WARN_64_TO_32_BIT_CONVERSION = YES;
				GCC_WARN_ABOUT_RETURN_TYPE = YES_ERROR;
				GCC_WARN_UNDECLARED_SELECTOR = YES;
				GCC_WARN_UNINITIALIZED_AUTOS = YES_AGGRESSIVE;
				GCC_WARN_UNUSED_FUNCTION = YES;
				GCC_WARN_UNUSED_VARIABLE = YES;
				IPHONEOS_DEPLOYMENT_TARGET = 17.2;
				LOCALIZATION_PREFERS_STRING_CATALOGS = YES;
				MTL_ENABLE_DEBUG_INFO = INCLUDE_SOURCE;
				MTL_FAST_MATH = YES;
				ONLY_ACTIVE_ARCH = YES;
				SDKROOT = iphoneos;
				SWIFT_ACTIVE_COMPILATION_CONDITIONS = "DEBUG $(inherited)";
				SWIFT_OPTIMIZATION_LEVEL = "-Onone";
			};
			name = Debug;
		};
		534702F02B4066C3001E0F50 /* Release */ = {
			isa = XCBuildConfiguration;
			buildSettings = {
				ALWAYS_SEARCH_USER_PATHS = NO;
				ASSETCATALOG_COMPILER_GENERATE_SWIFT_ASSET_SYMBOL_EXTENSIONS = YES;
				CLANG_ANALYZER_NONNULL = YES;
				CLANG_ANALYZER_NUMBER_OBJECT_CONVERSION = YES_AGGRESSIVE;
				CLANG_CXX_LANGUAGE_STANDARD = "gnu++20";
				CLANG_ENABLE_MODULES = YES;
				CLANG_ENABLE_OBJC_ARC = YES;
				CLANG_ENABLE_OBJC_WEAK = YES;
				CLANG_WARN_BLOCK_CAPTURE_AUTORELEASING = YES;
				CLANG_WARN_BOOL_CONVERSION = YES;
				CLANG_WARN_COMMA = YES;
				CLANG_WARN_CONSTANT_CONVERSION = YES;
				CLANG_WARN_DEPRECATED_OBJC_IMPLEMENTATIONS = YES;
				CLANG_WARN_DIRECT_OBJC_ISA_USAGE = YES_ERROR;
				CLANG_WARN_DOCUMENTATION_COMMENTS = YES;
				CLANG_WARN_EMPTY_BODY = YES;
				CLANG_WARN_ENUM_CONVERSION = YES;
				CLANG_WARN_INFINITE_RECURSION = YES;
				CLANG_WARN_INT_CONVERSION = YES;
				CLANG_WARN_NON_LITERAL_NULL_CONVERSION = YES;
				CLANG_WARN_OBJC_IMPLICIT_RETAIN_SELF = YES;
				CLANG_WARN_OBJC_LITERAL_CONVERSION = YES;
				CLANG_WARN_OBJC_ROOT_CLASS = YES_ERROR;
				CLANG_WARN_QUOTED_INCLUDE_IN_FRAMEWORK_HEADER = YES;
				CLANG_WARN_RANGE_LOOP_ANALYSIS = YES;
				CLANG_WARN_STRICT_PROTOTYPES = YES;
				CLANG_WARN_SUSPICIOUS_MOVE = YES;
				CLANG_WARN_UNGUARDED_AVAILABILITY = YES_AGGRESSIVE;
				CLANG_WARN_UNREACHABLE_CODE = YES;
				CLANG_WARN__DUPLICATE_METHOD_MATCH = YES;
				COPY_PHASE_STRIP = NO;
				DEBUG_INFORMATION_FORMAT = "dwarf-with-dsym";
				ENABLE_NS_ASSERTIONS = NO;
				ENABLE_STRICT_OBJC_MSGSEND = YES;
				ENABLE_USER_SCRIPT_SANDBOXING = YES;
				GCC_C_LANGUAGE_STANDARD = gnu17;
				GCC_NO_COMMON_BLOCKS = YES;
				GCC_WARN_64_TO_32_BIT_CONVERSION = YES;
				GCC_WARN_ABOUT_RETURN_TYPE = YES_ERROR;
				GCC_WARN_UNDECLARED_SELECTOR = YES;
				GCC_WARN_UNINITIALIZED_AUTOS = YES_AGGRESSIVE;
				GCC_WARN_UNUSED_FUNCTION = YES;
				GCC_WARN_UNUSED_VARIABLE = YES;
				IPHONEOS_DEPLOYMENT_TARGET = 17.2;
				LOCALIZATION_PREFERS_STRING_CATALOGS = YES;
				MTL_ENABLE_DEBUG_INFO = NO;
				MTL_FAST_MATH = YES;
				SDKROOT = iphoneos;
				SWIFT_COMPILATION_MODE = wholemodule;
				VALIDATE_PRODUCT = YES;
			};
			name = Release;
		};
		534702F22B4066C3001E0F50 /* Debug */ = {
			isa = XCBuildConfiguration;
			buildSettings = {
				ASSETCATALOG_COMPILER_APPICON_NAME = AppIcon;
				ASSETCATALOG_COMPILER_GLOBAL_ACCENT_COLOR_NAME = AccentColor;
				CODE_SIGN_STYLE = Automatic;
				CURRENT_PROJECT_VERSION = 1;
				DEVELOPMENT_ASSET_PATHS = "\"eGym-app/Preview Content\"";
				DEVELOPMENT_TEAM = 3JAJHC6S7D;
				ENABLE_PREVIEWS = YES;
				GENERATE_INFOPLIST_FILE = YES;
				INFOPLIST_FILE = "eGym-app/Info.plist";
				INFOPLIST_KEY_UIApplicationSceneManifest_Generation = YES;
				INFOPLIST_KEY_UIApplicationSupportsIndirectInputEvents = YES;
				INFOPLIST_KEY_UILaunchScreen_Generation = YES;
				INFOPLIST_KEY_UISupportedInterfaceOrientations_iPad = "UIInterfaceOrientationPortrait UIInterfaceOrientationPortraitUpsideDown UIInterfaceOrientationLandscapeLeft UIInterfaceOrientationLandscapeRight";
				INFOPLIST_KEY_UISupportedInterfaceOrientations_iPhone = "UIInterfaceOrientationPortrait UIInterfaceOrientationLandscapeLeft UIInterfaceOrientationLandscapeRight";
				IPHONEOS_DEPLOYMENT_TARGET = 17.1;
				LD_RUNPATH_SEARCH_PATHS = (
					"$(inherited)",
					"@executable_path/Frameworks",
				);
				MARKETING_VERSION = 1.0;
				PRODUCT_BUNDLE_IDENTIFIER = "com.eSignature.eGym-app";
				PRODUCT_NAME = "$(TARGET_NAME)";
				SWIFT_EMIT_LOC_STRINGS = YES;
				SWIFT_VERSION = 5.0;
				TARGETED_DEVICE_FAMILY = "1,2";
			};
			name = Debug;
		};
		534702F32B4066C3001E0F50 /* Release */ = {
			isa = XCBuildConfiguration;
			buildSettings = {
				ASSETCATALOG_COMPILER_APPICON_NAME = AppIcon;
				ASSETCATALOG_COMPILER_GLOBAL_ACCENT_COLOR_NAME = AccentColor;
				CODE_SIGN_STYLE = Automatic;
				CURRENT_PROJECT_VERSION = 1;
				DEVELOPMENT_ASSET_PATHS = "\"eGym-app/Preview Content\"";
				DEVELOPMENT_TEAM = 3JAJHC6S7D;
				ENABLE_PREVIEWS = YES;
				GENERATE_INFOPLIST_FILE = YES;
				INFOPLIST_FILE = "eGym-app/Info.plist";
				INFOPLIST_KEY_UIApplicationSceneManifest_Generation = YES;
				INFOPLIST_KEY_UIApplicationSupportsIndirectInputEvents = YES;
				INFOPLIST_KEY_UILaunchScreen_Generation = YES;
				INFOPLIST_KEY_UISupportedInterfaceOrientations_iPad = "UIInterfaceOrientationPortrait UIInterfaceOrientationPortraitUpsideDown UIInterfaceOrientationLandscapeLeft UIInterfaceOrientationLandscapeRight";
				INFOPLIST_KEY_UISupportedInterfaceOrientations_iPhone = "UIInterfaceOrientationPortrait UIInterfaceOrientationLandscapeLeft UIInterfaceOrientationLandscapeRight";
				IPHONEOS_DEPLOYMENT_TARGET = 17.1;
				LD_RUNPATH_SEARCH_PATHS = (
					"$(inherited)",
					"@executable_path/Frameworks",
				);
				MARKETING_VERSION = 1.0;
				PRODUCT_BUNDLE_IDENTIFIER = "com.eSignature.eGym-app";
				PRODUCT_NAME = "$(TARGET_NAME)";
				SWIFT_EMIT_LOC_STRINGS = YES;
				SWIFT_VERSION = 5.0;
				TARGETED_DEVICE_FAMILY = "1,2";
			};
			name = Release;
		};
		534702F52B4066C3001E0F50 /* Debug */ = {
			isa = XCBuildConfiguration;
			buildSettings = {
				ALWAYS_EMBED_SWIFT_STANDARD_LIBRARIES = YES;
				BUNDLE_LOADER = "$(TEST_HOST)";
				CODE_SIGN_STYLE = Automatic;
				CURRENT_PROJECT_VERSION = 1;
				DEVELOPMENT_TEAM = 3JAJHC6S7D;
				GENERATE_INFOPLIST_FILE = YES;
				IPHONEOS_DEPLOYMENT_TARGET = 17.2;
				MARKETING_VERSION = 1.0;
				PRODUCT_BUNDLE_IDENTIFIER = "com.eSignature.eGym-appTests";
				PRODUCT_NAME = "$(TARGET_NAME)";
				SWIFT_EMIT_LOC_STRINGS = NO;
				SWIFT_VERSION = 5.0;
				TARGETED_DEVICE_FAMILY = "1,2";
				TEST_HOST = "$(BUILT_PRODUCTS_DIR)/eGym-app.app/$(BUNDLE_EXECUTABLE_FOLDER_PATH)/eGym-app";
			};
			name = Debug;
		};
		534702F62B4066C3001E0F50 /* Release */ = {
			isa = XCBuildConfiguration;
			buildSettings = {
				ALWAYS_EMBED_SWIFT_STANDARD_LIBRARIES = YES;
				BUNDLE_LOADER = "$(TEST_HOST)";
				CODE_SIGN_STYLE = Automatic;
				CURRENT_PROJECT_VERSION = 1;
				DEVELOPMENT_TEAM = 3JAJHC6S7D;
				GENERATE_INFOPLIST_FILE = YES;
				IPHONEOS_DEPLOYMENT_TARGET = 17.2;
				MARKETING_VERSION = 1.0;
				PRODUCT_BUNDLE_IDENTIFIER = "com.eSignature.eGym-appTests";
				PRODUCT_NAME = "$(TARGET_NAME)";
				SWIFT_EMIT_LOC_STRINGS = NO;
				SWIFT_VERSION = 5.0;
				TARGETED_DEVICE_FAMILY = "1,2";
				TEST_HOST = "$(BUILT_PRODUCTS_DIR)/eGym-app.app/$(BUNDLE_EXECUTABLE_FOLDER_PATH)/eGym-app";
			};
			name = Release;
		};
		534702F82B4066C3001E0F50 /* Debug */ = {
			isa = XCBuildConfiguration;
			buildSettings = {
				ALWAYS_EMBED_SWIFT_STANDARD_LIBRARIES = YES;
				CODE_SIGN_STYLE = Automatic;
				CURRENT_PROJECT_VERSION = 1;
				DEVELOPMENT_TEAM = 3JAJHC6S7D;
				GENERATE_INFOPLIST_FILE = YES;
				MARKETING_VERSION = 1.0;
				PRODUCT_BUNDLE_IDENTIFIER = "com.eSignature.eGym-appUITests";
				PRODUCT_NAME = "$(TARGET_NAME)";
				SWIFT_EMIT_LOC_STRINGS = NO;
				SWIFT_VERSION = 5.0;
				TARGETED_DEVICE_FAMILY = "1,2";
				TEST_TARGET_NAME = "eGym-app";
			};
			name = Debug;
		};
		534702F92B4066C3001E0F50 /* Release */ = {
			isa = XCBuildConfiguration;
			buildSettings = {
				ALWAYS_EMBED_SWIFT_STANDARD_LIBRARIES = YES;
				CODE_SIGN_STYLE = Automatic;
				CURRENT_PROJECT_VERSION = 1;
				DEVELOPMENT_TEAM = 3JAJHC6S7D;
				GENERATE_INFOPLIST_FILE = YES;
				MARKETING_VERSION = 1.0;
				PRODUCT_BUNDLE_IDENTIFIER = "com.eSignature.eGym-appUITests";
				PRODUCT_NAME = "$(TARGET_NAME)";
				SWIFT_EMIT_LOC_STRINGS = NO;
				SWIFT_VERSION = 5.0;
				TARGETED_DEVICE_FAMILY = "1,2";
				TEST_TARGET_NAME = "eGym-app";
			};
			name = Release;
		};
/* End XCBuildConfiguration section */

/* Begin XCConfigurationList section */
		534702C82B4066C0001E0F50 /* Build configuration list for PBXProject "eGym-app" */ = {
			isa = XCConfigurationList;
			buildConfigurations = (
				534702EF2B4066C3001E0F50 /* Debug */,
				534702F02B4066C3001E0F50 /* Release */,
			);
			defaultConfigurationIsVisible = 0;
			defaultConfigurationName = Release;
		};
		534702F12B4066C3001E0F50 /* Build configuration list for PBXNativeTarget "eGym-app" */ = {
			isa = XCConfigurationList;
			buildConfigurations = (
				534702F22B4066C3001E0F50 /* Debug */,
				534702F32B4066C3001E0F50 /* Release */,
			);
			defaultConfigurationIsVisible = 0;
			defaultConfigurationName = Release;
		};
		534702F42B4066C3001E0F50 /* Build configuration list for PBXNativeTarget "eGym-appTests" */ = {
			isa = XCConfigurationList;
			buildConfigurations = (
				534702F52B4066C3001E0F50 /* Debug */,
				534702F62B4066C3001E0F50 /* Release */,
			);
			defaultConfigurationIsVisible = 0;
			defaultConfigurationName = Release;
		};
		534702F72B4066C3001E0F50 /* Build configuration list for PBXNativeTarget "eGym-appUITests" */ = {
			isa = XCConfigurationList;
			buildConfigurations = (
				534702F82B4066C3001E0F50 /* Debug */,
				534702F92B4066C3001E0F50 /* Release */,
			);
			defaultConfigurationIsVisible = 0;
			defaultConfigurationName = Release;
		};
/* End XCConfigurationList section */

/* Begin XCRemoteSwiftPackageReference section */
		5328CF2A2B5EFF0A00F7BAB8 /* XCRemoteSwiftPackageReference "SwiftKeychainWrapper" */ = {
			isa = XCRemoteSwiftPackageReference;
			repositoryURL = "https://github.com/jrendel/SwiftKeychainWrapper";
			requirement = {
				kind = upToNextMajorVersion;
				minimumVersion = 4.0.1;
			};
		};
		5328CF342B61CCC900F7BAB8 /* XCRemoteSwiftPackageReference "SwiftLint" */ = {
			isa = XCRemoteSwiftPackageReference;
			repositoryURL = "https://github.com/realm/SwiftLint";
			requirement = {
				kind = upToNextMajorVersion;
				minimumVersion = 0.54.0;
			};
		};
		532D354A2B4F513E00C6A9BF /* XCRemoteSwiftPackageReference "SwiftyJSON" */ = {
			isa = XCRemoteSwiftPackageReference;
			repositoryURL = "https://github.com/SwiftyJSON/SwiftyJSON.git";
			requirement = {
				kind = upToNextMajorVersion;
				minimumVersion = 5.0.1;
			};
		};
		53C5990E2B59A09F00C9CA3D /* XCRemoteSwiftPackageReference "Alamofire" */ = {
			isa = XCRemoteSwiftPackageReference;
			repositoryURL = "https://github.com/Alamofire/Alamofire.git";
			requirement = {
				kind = upToNextMajorVersion;
				minimumVersion = 5.8.1;
			};
		};
/* End XCRemoteSwiftPackageReference section */

/* Begin XCSwiftPackageProductDependency section */
		5328CF2B2B5EFF0A00F7BAB8 /* SwiftKeychainWrapper */ = {
			isa = XCSwiftPackageProductDependency;
			package = 5328CF2A2B5EFF0A00F7BAB8 /* XCRemoteSwiftPackageReference "SwiftKeychainWrapper" */;
			productName = SwiftKeychainWrapper;
		};
		532D354B2B4F513E00C6A9BF /* SwiftyJSON */ = {
			isa = XCSwiftPackageProductDependency;
			package = 532D354A2B4F513E00C6A9BF /* XCRemoteSwiftPackageReference "SwiftyJSON" */;
			productName = SwiftyJSON;
		};
		53C5990F2B59A09F00C9CA3D /* Alamofire */ = {
			isa = XCSwiftPackageProductDependency;
			package = 53C5990E2B59A09F00C9CA3D /* XCRemoteSwiftPackageReference "Alamofire" */;
			productName = Alamofire;
		};
/* End XCSwiftPackageProductDependency section */
	};
	rootObject = 534702C52B4066C0001E0F50 /* Project object */;
}
